# This file is autogenerated, do not edit; changes may be undone by the next 'dep ensure'.


[[projects]]
  name = "github.com/gogo/protobuf"
  packages = ["codec","gogoproto","proto","protoc-gen-gogo/descriptor","sortkeys","types"]
  revision = "100ba4e885062801d56799d78530b73b178a78f3"
  version = "v0.4"

[[projects]]
  name = "github.com/google/go-cmp"
  packages = ["cmp","cmp/cmpopts","cmp/internal/diff","cmp/internal/function","cmp/internal/value"]
  revision = "8099a9787ce5dc5984ed879a3bda47dc730a8e97"
  version = "v0.1.0"

[[projects]]
  branch = "master"
  name = "github.com/hashicorp/yamux"
  packages = ["."]
  revision = "d1caa6c97c9fc1cc9e83bbe34d0603f9ff0ce8bd"

[[projects]]
  branch = "master"
  name = "github.com/influxdata/yarpc"
  packages = [".","codes","status","yarpcproto"]
  revision = "7d68715e9b3b188a817ce06732b634ff0c9a8a4b"

[[projects]]
  name = "github.com/mna/pigeon"
  packages = [".","ast","builder"]
  revision = "9df264905d4734c0133161d8c67828ff522b154a"
  version = "v1.0.0"

[[projects]]
  name = "github.com/pkg/errors"
  packages = ["."]
  revision = "645ef00459ed84a119197bfb8d8205042c6df63d"
  version = "v0.8.0"

[[projects]]
  name = "github.com/satori/go.uuid"
  packages = ["."]
  revision = "879c5887cd475cd7864858769793b2ceb0d44feb"
  version = "v1.1.0"

[solve-meta]
  analyzer-name = "dep"
  analyzer-version = 1
  inputs-digest = "2d380fc1e615cb2f1e6ef7e42361addaf9fe9a4563a814a8e6f070e0d5915226"
  solver-name = "gps-cdcl"
  solver-version = 1
