# This file is autogenerated, do not edit; changes may be undone by the next 'dep ensure'.


[[projects]]
  branch = "master"
  name = "github.com/google/go-cmp"
  packages = ["cmp","cmp/cmpopts","cmp/internal/diff","cmp/internal/value"]
  revision = "a9cc2ea1d957ce7e952bfdc3efe805184ce85972"

[[projects]]
  name = "github.com/pkg/errors"
  packages = ["."]
  revision = "645ef00459ed84a119197bfb8d8205042c6df63d"
  version = "v0.8.0"

[solve-meta]
  analyzer-name = "dep"
  analyzer-version = 1
  inputs-digest = "303f89153015ee8309a56f4d3b79f9a0bde0d6026a923f2c10a67063645fb48c"
  solver-name = "gps-cdcl"
  solver-version = 1
