# This file is autogenerated, do not edit; changes may be undone by the next 'dep ensure'.


[[projects]]
  name = "github.com/gogo/protobuf"
  packages = ["codec","gogoproto","proto","protoc-gen-gogo/descriptor","sortkeys","types"]
  revision = "100ba4e885062801d56799d78530b73b178a78f3"
  version = "v0.4"

[[projects]]
  branch = "master"
  name = "github.com/google/go-cmp"
  packages = ["cmp","cmp/cmpopts","cmp/internal/diff","cmp/internal/function","cmp/internal/value"]
  revision = "d5735f74713c51f7450a43d0a98d41ce2c1db3cb"

[[projects]]
  branch = "master"
  name = "github.com/hashicorp/yamux"
  packages = ["."]
  revision = "d1caa6c97c9fc1cc9e83bbe34d0603f9ff0ce8bd"

[[projects]]
  branch = "master"
  name = "github.com/influxdata/yarpc"
  packages = [".","codes","status","yarpcproto"]
  revision = "7d68715e9b3b188a817ce06732b634ff0c9a8a4b"

[[projects]]
  branch = "master"
  name = "github.com/mna/pigeon"
  packages = [".","ast","builder"]
  revision = "904fede4321f9aae0e347d296f56035410375fed"

[[projects]]
  name = "github.com/pkg/errors"
  packages = ["."]
  revision = "645ef00459ed84a119197bfb8d8205042c6df63d"
  version = "v0.8.0"

[[projects]]
  name = "github.com/satori/go.uuid"
  packages = ["."]
  revision = "879c5887cd475cd7864858769793b2ceb0d44feb"
  version = "v1.1.0"

[[projects]]
  branch = "master"
  name = "golang.org/x/tools"
  packages = ["go/ast/astutil","imports"]
  revision = "e531a2a1c15f94033f6fa87666caeb19a688175f"

[solve-meta]
  analyzer-name = "dep"
  analyzer-version = 1
  inputs-digest = "c0adda38b01cb4170e433085b3e61b4018fcfc741646b62ca2467b1d538b744e"
  solver-name = "gps-cdcl"
  solver-version = 1
